
Microsoft Visual Studio Solution File, Format Version 12.00
# Visual Studio 15
VisualStudioVersion = 15.0.28010.2016
MinimumVisualStudioVersion = 10.0.40219.1
Project("{FAE04EC0-301F-11D3-BF4B-00C04F79EFBC}") = "KinectDrawing", "KinectDrawing\KinectDrawing.csproj", "{E3F7B08E-6FBC-4553-B732-46634D8D63DF}"
EndProject
Project("{2150E333-8FDC-42A3-9474-1A3956D46DE8}") = "Solution Items", "Solution Items", "{C1EE99D5-FE35-4F2C-9C82-3A559879B373}"
EndProject
Global
	GlobalSection(SolutionConfigurationPlatforms) = preSolution
		Debug|Any CPU = Debug|Any CPU
		Release|Any CPU = Release|Any CPU
	EndGlobalSection
	GlobalSection(ProjectConfigurationPlatforms) = postSolution
		{E3F7B08E-6FBC-4553-B732-46634D8D63DF}.Debug|Any CPU.ActiveCfg = Debug|Any CPU
		{E3F7B08E-6FBC-4553-B732-46634D8D63DF}.Debug|Any CPU.Build.0 = Debug|Any CPU
		{E3F7B08E-6FBC-4553-B732-46634D8D63DF}.Release|Any CPU.ActiveCfg = Release|Any CPU
		{E3F7B08E-6FBC-4553-B732-46634D8D63DF}.Release|Any CPU.Build.0 = Release|Any CPU
	EndGlobalSection
	GlobalSection(SolutionProperties) = preSolution
		HideSolutionNode = FALSE
	EndGlobalSection
	GlobalSection(ExtensibilityGlobals) = postSolution
		SolutionGuid = {7CB2B91D-8C6E-4826-80F4-D30A0E2AC02A}
	EndGlobalSection
EndGlobal
